
Microsoft Visual Studio Solution File, Format Version 12.00
# Visual Studio Version 16
VisualStudioVersion = 16.0.30804.86
MinimumVisualStudioVersion = 10.0.40219.1
Project("{FAE04EC0-301F-11D3-BF4B-00C04F79EFBC}") = "WeatherService", "WeatherService\WeatherService.csproj", "{DE5E2A47-5C3B-488B-8DEA-FE7BC354A647}"
EndProject
Project("{FAE04EC0-301F-11D3-BF4B-00C04F79EFBC}") = "ClassLibrary1", "ClassLibrary1\ClassLibrary1.csproj", "{842DB879-0836-4402-8500-6960ABB6734B}"
EndProject
Global
	GlobalSection(SolutionConfigurationPlatforms) = preSolution
		Debug|Any CPU = Debug|Any CPU
		Release|Any CPU = Release|Any CPU
	EndGlobalSection
	GlobalSection(ProjectConfigurationPlatforms) = postSolution
		{DE5E2A47-5C3B-488B-8DEA-FE7BC354A647}.Debug|Any CPU.ActiveCfg = Debug|Any CPU
		{DE5E2A47-5C3B-488B-8DEA-FE7BC354A647}.Debug|Any CPU.Build.0 = Debug|Any CPU
		{DE5E2A47-5C3B-488B-8DEA-FE7BC354A647}.Release|Any CPU.ActiveCfg = Release|Any CPU
		{DE5E2A47-5C3B-488B-8DEA-FE7BC354A647}.Release|Any CPU.Build.0 = Release|Any CPU
		{842DB879-0836-4402-8500-6960ABB6734B}.Debug|Any CPU.ActiveCfg = Debug|Any CPU
		{842DB879-0836-4402-8500-6960ABB6734B}.Debug|Any CPU.Build.0 = Debug|Any CPU
		{842DB879-0836-4402-8500-6960ABB6734B}.Release|Any CPU.ActiveCfg = Release|Any CPU
		{842DB879-0836-4402-8500-6960ABB6734B}.Release|Any CPU.Build.0 = Release|Any CPU
	EndGlobalSection
	GlobalSection(SolutionProperties) = preSolution
		HideSolutionNode = FALSE
	EndGlobalSection
	GlobalSection(ExtensibilityGlobals) = postSolution
		SolutionGuid = {EAB6B02E-EF85-4B73-93B7-A973F07D02D2}
	EndGlobalSection
EndGlobal
